
Microsoft Visual Studio Solution File, Format Version 12.00
# Visual Studio Version 17
VisualStudioVersion = 17.4.33213.308
MinimumVisualStudioVersion = 10.0.40219.1
Project("{9A19103F-16F7-4668-BE54-9A1E7A4F7556}") = "FluentValidation.IoC", "FluentValidation.IoC\FluentValidation.IoC.csproj", "{3AAA71BF-FA12-4127-8885-949227330891}"
EndProject
Project("{9A19103F-16F7-4668-BE54-9A1E7A4F7556}") = "FluentValidation.IoC.Tests.Common", "FluentValidation.IoC.Tests.Common\FluentValidation.IoC.Tests.Common.csproj", "{51485A0A-CBBF-4135-8560-A2714EBFD932}"
EndProject
Project("{9A19103F-16F7-4668-BE54-9A1E7A4F7556}") = "FluentValidation.IoC.Tests.Core", "FluentValidation.IoC.Tests.Core\FluentValidation.IoC.Tests.Core.csproj", "{554B2D28-F94E-4940-BB08-35A6B2BB54F7}"
EndProject
Project("{FAE04EC0-301F-11D3-BF4B-00C04F79EFBC}") = "FluentValidation.IoC.Literals", "FluentValidation.IoC.Literals\FluentValidation.IoC.Literals.csproj", "{B6A67F50-182E-4354-9EED-B2A8215472C9}"
EndProject
Global
	GlobalSection(SolutionConfigurationPlatforms) = preSolution
		Debug|Any CPU = Debug|Any CPU
		Release|Any CPU = Release|Any CPU
	EndGlobalSection
	GlobalSection(ProjectConfigurationPlatforms) = postSolution
		{3AAA71BF-FA12-4127-8885-949227330891}.Debug|Any CPU.ActiveCfg = Debug|Any CPU
		{3AAA71BF-FA12-4127-8885-949227330891}.Debug|Any CPU.Build.0 = Debug|Any CPU
		{3AAA71BF-FA12-4127-8885-949227330891}.Release|Any CPU.ActiveCfg = Release|Any CPU
		{3AAA71BF-FA12-4127-8885-949227330891}.Release|Any CPU.Build.0 = Release|Any CPU
		{51485A0A-CBBF-4135-8560-A2714EBFD932}.Debug|Any CPU.ActiveCfg = Debug|Any CPU
		{51485A0A-CBBF-4135-8560-A2714EBFD932}.Debug|Any CPU.Build.0 = Debug|Any CPU
		{51485A0A-CBBF-4135-8560-A2714EBFD932}.Release|Any CPU.ActiveCfg = Release|Any CPU
		{51485A0A-CBBF-4135-8560-A2714EBFD932}.Release|Any CPU.Build.0 = Release|Any CPU
		{554B2D28-F94E-4940-BB08-35A6B2BB54F7}.Debug|Any CPU.ActiveCfg = Debug|Any CPU
		{554B2D28-F94E-4940-BB08-35A6B2BB54F7}.Debug|Any CPU.Build.0 = Debug|Any CPU
		{554B2D28-F94E-4940-BB08-35A6B2BB54F7}.Release|Any CPU.ActiveCfg = Release|Any CPU
		{554B2D28-F94E-4940-BB08-35A6B2BB54F7}.Release|Any CPU.Build.0 = Release|Any CPU
		{B6A67F50-182E-4354-9EED-B2A8215472C9}.Debug|Any CPU.ActiveCfg = Debug|Any CPU
		{B6A67F50-182E-4354-9EED-B2A8215472C9}.Debug|Any CPU.Build.0 = Debug|Any CPU
		{B6A67F50-182E-4354-9EED-B2A8215472C9}.Release|Any CPU.ActiveCfg = Release|Any CPU
		{B6A67F50-182E-4354-9EED-B2A8215472C9}.Release|Any CPU.Build.0 = Release|Any CPU
	EndGlobalSection
	GlobalSection(SolutionProperties) = preSolution
		HideSolutionNode = FALSE
	EndGlobalSection
	GlobalSection(ExtensibilityGlobals) = postSolution
		SolutionGuid = {DED0BBCB-8ECA-43FB-8605-2878270A5517}
	EndGlobalSection
EndGlobal
