
Microsoft Visual Studio Solution File, Format Version 12.00
# Visual Studio 15
VisualStudioVersion = 15.0.28010.2016
MinimumVisualStudioVersion = 10.0.40219.1
Project("{9A19103F-16F7-4668-BE54-9A1E7A4F7556}") = "FluentValidation.IoC", "FluentValidation.IoC\FluentValidation.IoC.csproj", "{3AAA71BF-FA12-4127-8885-949227330891}"
EndProject
Project("{9A19103F-16F7-4668-BE54-9A1E7A4F7556}") = "FluentValidation.IoC.Unity", "FluentValidation.IoC.Unity\FluentValidation.IoC.Unity.csproj", "{8A2F89ED-41AE-477C-B425-569EEE06BDF1}"
EndProject
Project("{FAE04EC0-301F-11D3-BF4B-00C04F79EFBC}") = "FluentValidation.IoC.Tests.Unity", "FluentValidation.IoC.Tests.Unity\FluentValidation.IoC.Tests.Unity.csproj", "{0D918566-4B9A-4889-BF74-6A6DADA7F76B}"
EndProject
Project("{9A19103F-16F7-4668-BE54-9A1E7A4F7556}") = "FluentValidation.IoC.Tests.Common", "FluentValidation.IoC.Tests.Common\FluentValidation.IoC.Tests.Common.csproj", "{51485A0A-CBBF-4135-8560-A2714EBFD932}"
EndProject
Project("{9A19103F-16F7-4668-BE54-9A1E7A4F7556}") = "FluentValidation.IoC.Tests.Core", "FluentValidation.IoC.Tests.Core\FluentValidation.IoC.Tests.Core.csproj", "{554B2D28-F94E-4940-BB08-35A6B2BB54F7}"
EndProject
Project("{FAE04EC0-301F-11D3-BF4B-00C04F79EFBC}") = "FluentValidation.IoC.Literals", "FluentValidation.IoC.Literals\FluentValidation.IoC.Literals.csproj", "{4E75AED0-F3C6-4A80-A6A5-F2B4896C0197}"
EndProject
Global
	GlobalSection(SolutionConfigurationPlatforms) = preSolution
		Debug|Any CPU = Debug|Any CPU
		Release|Any CPU = Release|Any CPU
	EndGlobalSection
	GlobalSection(ProjectConfigurationPlatforms) = postSolution
		{3AAA71BF-FA12-4127-8885-949227330891}.Debug|Any CPU.ActiveCfg = Debug|Any CPU
		{3AAA71BF-FA12-4127-8885-949227330891}.Debug|Any CPU.Build.0 = Debug|Any CPU
		{3AAA71BF-FA12-4127-8885-949227330891}.Release|Any CPU.ActiveCfg = Release|Any CPU
		{3AAA71BF-FA12-4127-8885-949227330891}.Release|Any CPU.Build.0 = Release|Any CPU
		{8A2F89ED-41AE-477C-B425-569EEE06BDF1}.Debug|Any CPU.ActiveCfg = Debug|Any CPU
		{8A2F89ED-41AE-477C-B425-569EEE06BDF1}.Debug|Any CPU.Build.0 = Debug|Any CPU
		{8A2F89ED-41AE-477C-B425-569EEE06BDF1}.Release|Any CPU.ActiveCfg = Release|Any CPU
		{8A2F89ED-41AE-477C-B425-569EEE06BDF1}.Release|Any CPU.Build.0 = Release|Any CPU
		{0D918566-4B9A-4889-BF74-6A6DADA7F76B}.Debug|Any CPU.ActiveCfg = Debug|Any CPU
		{0D918566-4B9A-4889-BF74-6A6DADA7F76B}.Debug|Any CPU.Build.0 = Debug|Any CPU
		{0D918566-4B9A-4889-BF74-6A6DADA7F76B}.Release|Any CPU.ActiveCfg = Release|Any CPU
		{0D918566-4B9A-4889-BF74-6A6DADA7F76B}.Release|Any CPU.Build.0 = Release|Any CPU
		{51485A0A-CBBF-4135-8560-A2714EBFD932}.Debug|Any CPU.ActiveCfg = Debug|Any CPU
		{51485A0A-CBBF-4135-8560-A2714EBFD932}.Debug|Any CPU.Build.0 = Debug|Any CPU
		{51485A0A-CBBF-4135-8560-A2714EBFD932}.Release|Any CPU.ActiveCfg = Release|Any CPU
		{51485A0A-CBBF-4135-8560-A2714EBFD932}.Release|Any CPU.Build.0 = Release|Any CPU
		{554B2D28-F94E-4940-BB08-35A6B2BB54F7}.Debug|Any CPU.ActiveCfg = Debug|Any CPU
		{554B2D28-F94E-4940-BB08-35A6B2BB54F7}.Debug|Any CPU.Build.0 = Debug|Any CPU
		{554B2D28-F94E-4940-BB08-35A6B2BB54F7}.Release|Any CPU.ActiveCfg = Release|Any CPU
		{554B2D28-F94E-4940-BB08-35A6B2BB54F7}.Release|Any CPU.Build.0 = Release|Any CPU
		{4E75AED0-F3C6-4A80-A6A5-F2B4896C0197}.Debug|Any CPU.ActiveCfg = Debug|Any CPU
		{4E75AED0-F3C6-4A80-A6A5-F2B4896C0197}.Debug|Any CPU.Build.0 = Debug|Any CPU
		{4E75AED0-F3C6-4A80-A6A5-F2B4896C0197}.Release|Any CPU.ActiveCfg = Release|Any CPU
		{4E75AED0-F3C6-4A80-A6A5-F2B4896C0197}.Release|Any CPU.Build.0 = Release|Any CPU
	EndGlobalSection
	GlobalSection(SolutionProperties) = preSolution
		HideSolutionNode = FALSE
	EndGlobalSection
	GlobalSection(ExtensibilityGlobals) = postSolution
		SolutionGuid = {DED0BBCB-8ECA-43FB-8605-2878270A5517}
	EndGlobalSection
EndGlobal
